// !$*UTF8*$!
{
	archiveVersion = 1;
	classes = {
	};
	objectVersion = 46;
	objects = {

/* Begin PBXBuildFile section */
		476418EB19169B950096355B /* main.c in Sources */ = {isa = PBXBuildFile; fileRef = 476418EA19169B950096355B /* main.c */; };
		476418ED19169B950096355B /* TheMaxChild_String.1 in CopyFiles */ = {isa = PBXBuildFile; fileRef = 476418EC19169B950096355B /* TheMaxChild_String.1 */; };
/* End PBXBuildFile section */

/* Begin PBXCopyFilesBuildPhase section */
		476418E519169B950096355B /* CopyFiles */ = {
			isa = PBXCopyFilesBuildPhase;
			buildActionMask = 2147483647;
			dstPath = /usr/share/man/man1/;
			dstSubfolderSpec = 0;
			files = (
				476418ED19169B950096355B /* TheMaxChild_String.1 in CopyFiles */,
			);
			runOnlyForDeploymentPostprocessing = 1;
		};
/* End PBXCopyFilesBuildPhase section */

/* Begin PBXFileReference section */
		476418E719169B950096355B /* TheMaxChild_String */ = {isa = PBXFileReference; explicitFileType = "compiled.mach-o.executable"; includeInIndex = 0; path = TheMaxChild_String; sourceTree = BUILT_PRODUCTS_DIR; };
		476418EA19169B950096355B /* main.c */ = {isa = PBXFileReference; lastKnownFileType = sourcecode.c.c; path = main.c; sourceTree = "<group>"; };
		476418EC19169B950096355B /* TheMaxChild_String.1 */ = {isa = PBXFileReference; lastKnownFileType = text.man; path = TheMaxChild_String.1; sourceTree = "<group>"; };
/* End PBXFileReference section */

/* Begin PBXFrameworksBuildPhase section */
		476418E419169B950096355B /* Frameworks */ = {
			isa = PBXFrameworksBuildPhase;
			buildActionMask = 2147483647;
			files = (
			);
			runOnlyForDeploymentPostprocessing = 0;
		};
/* End PBXFrameworksBuildPhase section */

/* Begin PBXGroup section */
		476418DE19169B950096355B = {
			isa = PBXGroup;
			children = (
				476418E919169B950096355B /* TheMaxChild_String */,
				476418E819169B950096355B /* Products */,
			);
			sourceTree = "<group>";
		};
		476418E819169B950096355B /* Products */ = {
			isa = PBXGroup;
			children = (
				476418E719169B950096355B /* TheMaxChild_String */,
			);
			name = Products;
			sourceTree = "<group>";
		};
		476418E919169B950096355B /* TheMaxChild_String */ = {
			isa = PBXGroup;
			children = (
				476418EA19169B950096355B /* main.c */,
				476418EC19169B950096355B /* TheMaxChild_String.1 */,
			);
			path = TheMaxChild_String;
			sourceTree = "<group>";
		};
/* End PBXGroup section */

/* Begin PBXNativeTarget section */
		476418E619169B950096355B /* TheMaxChild_String */ = {
			isa = PBXNativeTarget;
			buildConfigurationList = 476418F019169B950096355B /* Build configuration list for PBXNativeTarget "TheMaxChild_String" */;
			buildPhases = (
				476418E319169B950096355B /* Sources */,
				476418E419169B950096355B /* Frameworks */,
				476418E519169B950096355B /* CopyFiles */,
			);
			buildRules = (
			);
			dependencies = (
			);
			name = TheMaxChild_String;
			productName = TheMaxChild_String;
			productReference = 476418E719169B950096355B /* TheMaxChild_String */;
			productType = "com.apple.product-type.tool";
		};
/* End PBXNativeTarget section */

/* Begin PBXProject section */
		476418DF19169B950096355B /* Project object */ = {
			isa = PBXProject;
			attributes = {
				LastUpgradeCheck = 0510;
				ORGANIZATIONNAME = "罗鑫宇";
			};
			buildConfigurationList = 476418E219169B950096355B /* Build configuration list for PBXProject "TheMaxChild_String" */;
			compatibilityVersion = "Xcode 3.2";
			developmentRegion = English;
			hasScannedForEncodings = 0;
			knownRegions = (
				en,
			);
			mainGroup = 476418DE19169B950096355B;
			productRefGroup = 476418E819169B950096355B /* Products */;
			projectDirPath = "";
			projectRoot = "";
			targets = (
				476418E619169B950096355B /* TheMaxChild_String */,
			);
		};
/* End PBXProject section */

/* Begin PBXSourcesBuildPhase section */
		476418E319169B950096355B /* Sources */ = {
			isa = PBXSourcesBuildPhase;
			buildActionMask = 2147483647;
			files = (
				476418EB19169B950096355B /* main.c in Sources */,
			);
			runOnlyForDeploymentPostprocessing = 0;
		};
/* End PBXSourcesBuildPhase section */

/* Begin XCBuildConfiguration section */
		476418EE19169B950096355B /* Debug */ = {
			isa = XCBuildConfiguration;
			buildSettings = {
				ALWAYS_SEARCH_USER_PATHS = NO;
				CLANG_CXX_LANGUAGE_STANDARD = "gnu++0x";
				CLANG_CXX_LIBRARY = "libc++";
				CLANG_ENABLE_MODULES = YES;
				CLANG_ENABLE_OBJC_ARC = YES;
				CLANG_WARN_BOOL_CONVERSION = YES;
				CLANG_WARN_CONSTANT_CONVERSION = YES;
				CLANG_WARN_DIRECT_OBJC_ISA_USAGE = YES_ERROR;
				CLANG_WARN_EMPTY_BODY = YES;
				CLANG_WARN_ENUM_CONVERSION = YES;
				CLANG_WARN_INT_CONVERSION = YES;
				CLANG_WARN_OBJC_ROOT_CLASS = YES_ERROR;
				CLANG_WARN__DUPLICATE_METHOD_MATCH = YES;
				COPY_PHASE_STRIP = NO;
				GCC_C_LANGUAGE_STANDARD = gnu99;
				GCC_DYNAMIC_NO_PIC = NO;
				GCC_ENABLE_OBJC_EXCEPTIONS = YES;
				GCC_OPTIMIZATION_LEVEL = 0;
				GCC_PREPROCESSOR_DEFINITIONS = (
					"DEBUG=1",
					"$(inherited)",
				);
				GCC_SYMBOLS_PRIVATE_EXTERN = NO;
				GCC_WARN_64_TO_32_BIT_CONVERSION = YES;
				GCC_WARN_ABOUT_RETURN_TYPE = YES_ERROR;
				GCC_WARN_UNDECLARED_SELECTOR = YES;
				GCC_WARN_UNINITIALIZED_AUTOS = YES_AGGRESSIVE;
				GCC_WARN_UNUSED_FUNCTION = YES;
				GCC_WARN_UNUSED_VARIABLE = YES;
				MACOSX_DEPLOYMENT_TARGET = 10.9;
				ONLY_ACTIVE_ARCH = YES;
				SDKROOT = macosx;
			};
			name = Debug;
		};
		476418EF19169B950096355B /* Release */ = {
			isa = XCBuildConfiguration;
			buildSettings = {
				ALWAYS_SEARCH_USER_PATHS = NO;
				CLANG_CXX_LANGUAGE_STANDARD = "gnu++0x";
				CLANG_CXX_LIBRARY = "libc++";
				CLANG_ENABLE_MODULES = YES;
				CLANG_ENABLE_OBJC_ARC = YES;
				CLANG_WARN_BOOL_CONVERSION = YES;
				CLANG_WARN_CONSTANT_CONVERSION = YES;
				CLANG_WARN_DIRECT_OBJC_ISA_USAGE = YES_ERROR;
				CLANG_WARN_EMPTY_BODY = YES;
				CLANG_WARN_ENUM_CONVERSION = YES;
				CLANG_WARN_INT_CONVERSION = YES;
				CLANG_WARN_OBJC_ROOT_CLASS = YES_ERROR;
				CLANG_WARN__DUPLICATE_METHOD_MATCH = YES;
				COPY_PHASE_STRIP = YES;
				DEBUG_INFORMATION_FORMAT = "dwarf-with-dsym";
				ENABLE_NS_ASSERTIONS = NO;
				GCC_C_LANGUAGE_STANDARD = gnu99;
				GCC_ENABLE_OBJC_EXCEPTIONS = YES;
				GCC_WARN_64_TO_32_BIT_CONVERSION = YES;
				GCC_WARN_ABOUT_RETURN_TYPE = YES_ERROR;
				GCC_WARN_UNDECLARED_SELECTOR = YES;
				GCC_WARN_UNINITIALIZED_AUTOS = YES_AGGRESSIVE;
				GCC_WARN_UNUSED_FUNCTION = YES;
				GCC_WARN_UNUSED_VARIABLE = YES;
				MACOSX_DEPLOYMENT_TARGET = 10.9;
				SDKROOT = macosx;
			};
			name = Release;
		};
		476418F119169B950096355B /* Debug */ = {
			isa = XCBuildConfiguration;
			buildSettings = {
				PRODUCT_NAME = "$(TARGET_NAME)";
			};
			name = Debug;
		};
		476418F219169B950096355B /* Release */ = {
			isa = XCBuildConfiguration;
			buildSettings = {
				PRODUCT_NAME = "$(TARGET_NAME)";
			};
			name = Release;
		};
/* End XCBuildConfiguration section */

/* Begin XCConfigurationList section */
		476418E219169B950096355B /* Build configuration list for PBXProject "TheMaxChild_String" */ = {
			isa = XCConfigurationList;
			buildConfigurations = (
				476418EE19169B950096355B /* Debug */,
				476418EF19169B950096355B /* Release */,
			);
			defaultConfigurationIsVisible = 0;
			defaultConfigurationName = Release;
		};
		476418F019169B950096355B /* Build configuration list for PBXNativeTarget "TheMaxChild_String" */ = {
			isa = XCConfigurationList;
			buildConfigurations = (
				476418F119169B950096355B /* Debug */,
				476418F219169B950096355B /* Release */,
			);
			defaultConfigurationIsVisible = 0;
		};
/* End XCConfigurationList section */
	};
	rootObject = 476418DF19169B950096355B /* Project object */;
}
